
Microsoft Visual Studio Solution File, Format Version 12.00
# Visual Studio Version 16
VisualStudioVersion = 16.0.31605.320
MinimumVisualStudioVersion = 10.0.40219.1
Project("{9A19103F-16F7-4668-BE54-9A1E7A4F7556}") = "evona_hackathon.API", "Betting_api.evona_hackathon\evona_hackathon.API.csproj", "{E7A603C2-0B46-4D0A-9DC8-7ADDD6F8941B}"
EndProject
Project("{9A19103F-16F7-4668-BE54-9A1E7A4F7556}") = "evona_hackathon.Data", "Data\evona_hackathon.Data.csproj", "{8389638E-03EF-4C2C-9D34-2DD9AC14482B}"
EndProject
Project("{9A19103F-16F7-4668-BE54-9A1E7A4F7556}") = "evona_hackathon.Models", "Betting_api.Models\evona_hackathon.Models.csproj", "{4C071952-B08D-49BF-8A31-582EC3A6A992}"
EndProject
Project("{9A19103F-16F7-4668-BE54-9A1E7A4F7556}") = "evona_hackathon.Services", "Betting_api.Services\evona_hackathon.Services.csproj", "{5B12CF8E-475C-4D1C-9D6A-A856A156609E}"
EndProject
Project("{FAE04EC0-301F-11D3-BF4B-00C04F79EFBC}") = "evona_hackathon.Infrastructure", "evona_hackathon.Infrastructure\evona_hackathon.Infrastructure.csproj", "{11AB9373-F0BC-46C0-AD63-A83EDE23B968}"
EndProject
Global
	GlobalSection(SolutionConfigurationPlatforms) = preSolution
		Debug|Any CPU = Debug|Any CPU
		Release|Any CPU = Release|Any CPU
	EndGlobalSection
	GlobalSection(ProjectConfigurationPlatforms) = postSolution
		{E7A603C2-0B46-4D0A-9DC8-7ADDD6F8941B}.Debug|Any CPU.ActiveCfg = Debug|Any CPU
		{E7A603C2-0B46-4D0A-9DC8-7ADDD6F8941B}.Debug|Any CPU.Build.0 = Debug|Any CPU
		{E7A603C2-0B46-4D0A-9DC8-7ADDD6F8941B}.Release|Any CPU.ActiveCfg = Release|Any CPU
		{E7A603C2-0B46-4D0A-9DC8-7ADDD6F8941B}.Release|Any CPU.Build.0 = Release|Any CPU
		{8389638E-03EF-4C2C-9D34-2DD9AC14482B}.Debug|Any CPU.ActiveCfg = Debug|Any CPU
		{8389638E-03EF-4C2C-9D34-2DD9AC14482B}.Debug|Any CPU.Build.0 = Debug|Any CPU
		{8389638E-03EF-4C2C-9D34-2DD9AC14482B}.Release|Any CPU.ActiveCfg = Release|Any CPU
		{8389638E-03EF-4C2C-9D34-2DD9AC14482B}.Release|Any CPU.Build.0 = Release|Any CPU
		{4C071952-B08D-49BF-8A31-582EC3A6A992}.Debug|Any CPU.ActiveCfg = Debug|Any CPU
		{4C071952-B08D-49BF-8A31-582EC3A6A992}.Debug|Any CPU.Build.0 = Debug|Any CPU
		{4C071952-B08D-49BF-8A31-582EC3A6A992}.Release|Any CPU.ActiveCfg = Release|Any CPU
		{4C071952-B08D-49BF-8A31-582EC3A6A992}.Release|Any CPU.Build.0 = Release|Any CPU
		{5B12CF8E-475C-4D1C-9D6A-A856A156609E}.Debug|Any CPU.ActiveCfg = Debug|Any CPU
		{5B12CF8E-475C-4D1C-9D6A-A856A156609E}.Debug|Any CPU.Build.0 = Debug|Any CPU
		{5B12CF8E-475C-4D1C-9D6A-A856A156609E}.Release|Any CPU.ActiveCfg = Release|Any CPU
		{5B12CF8E-475C-4D1C-9D6A-A856A156609E}.Release|Any CPU.Build.0 = Release|Any CPU
		{11AB9373-F0BC-46C0-AD63-A83EDE23B968}.Debug|Any CPU.ActiveCfg = Debug|Any CPU
		{11AB9373-F0BC-46C0-AD63-A83EDE23B968}.Debug|Any CPU.Build.0 = Debug|Any CPU
		{11AB9373-F0BC-46C0-AD63-A83EDE23B968}.Release|Any CPU.ActiveCfg = Release|Any CPU
		{11AB9373-F0BC-46C0-AD63-A83EDE23B968}.Release|Any CPU.Build.0 = Release|Any CPU
	EndGlobalSection
	GlobalSection(SolutionProperties) = preSolution
		HideSolutionNode = FALSE
	EndGlobalSection
	GlobalSection(ExtensibilityGlobals) = postSolution
		SolutionGuid = {9D519393-BC76-465B-99B6-FCC725C93082}
	EndGlobalSection
EndGlobal
